// !$*UTF8*$!
{
	archiveVersion = 1;
	classes = {
	};
	objectVersion = 51;
	objects = {

/* Begin PBXBuildFile section */
		043E3712243A445800491F79 /* AllUserOrdersViewController.swift in Sources */ = {isa = PBXBuildFile; fileRef = 043E3711243A445800491F79 /* AllUserOrdersViewController.swift */; };
		044D0E232410F4F900A075FC /* AddOrderViewController.swift in Sources */ = {isa = PBXBuildFile; fileRef = 044D0E222410F4F900A075FC /* AddOrderViewController.swift */; };
		044D0E452415658C00A075FC /* OrderDetailsViewController.swift in Sources */ = {isa = PBXBuildFile; fileRef = 044D0E442415658C00A075FC /* OrderDetailsViewController.swift */; };
		045527FF2427991B002463CC /* ForgetPasswordViewController.swift in Sources */ = {isa = PBXBuildFile; fileRef = 045527FE2427991B002463CC /* ForgetPasswordViewController.swift */; };
		04601BFC240A8BAD00AAF494 /* LoginRegistationViewController.swift in Sources */ = {isa = PBXBuildFile; fileRef = 04601BFB240A8BAD00AAF494 /* LoginRegistationViewController.swift */; };
		04601BFE240AAB2800AAF494 /* RegistrationViewController.swift in Sources */ = {isa = PBXBuildFile; fileRef = 04601BFD240AAB2800AAF494 /* RegistrationViewController.swift */; };
		046D2CC32415741C009D0C9A /* GoogleService-Info.plist in Resources */ = {isa = PBXBuildFile; fileRef = 046D2CC22415741C009D0C9A /* GoogleService-Info.plist */; };
		046F891324260F3E00DBE0B2 /* Pods_ObmenkaCash.framework in Frameworks */ = {isa = PBXBuildFile; fileRef = 16C3170980067623B028D664 /* Pods_ObmenkaCash.framework */; };
		04E1B9AE23FBD797004EFD38 /* OrdersViewController.swift in Sources */ = {isa = PBXBuildFile; fileRef = 04E1B9AD23FBD797004EFD38 /* OrdersViewController.swift */; };
		04F65F8F243DCF9800C13B87 /* MyOrdersViewController.swift in Sources */ = {isa = PBXBuildFile; fileRef = 04F65F8E243DCF9800C13B87 /* MyOrdersViewController.swift */; };
		B108E17D2389BF14008305F7 /* AppDelegate.swift in Sources */ = {isa = PBXBuildFile; fileRef = B108E17C2389BF14008305F7 /* AppDelegate.swift */; };
		B108E17F2389BF14008305F7 /* ViewController.swift in Sources */ = {isa = PBXBuildFile; fileRef = B108E17E2389BF14008305F7 /* ViewController.swift */; };
		B108E1822389BF14008305F7 /* Main.storyboard in Resources */ = {isa = PBXBuildFile; fileRef = B108E1802389BF14008305F7 /* Main.storyboard */; };
		B108E1842389BF1C008305F7 /* Assets.xcassets in Resources */ = {isa = PBXBuildFile; fileRef = B108E1832389BF1C008305F7 /* Assets.xcassets */; };
		B108E1872389BF1C008305F7 /* LaunchScreen.storyboard in Resources */ = {isa = PBXBuildFile; fileRef = B108E1852389BF1C008305F7 /* LaunchScreen.storyboard */; };
		B12964B7239039E500EAD6DB /* SecondViewController.swift in Sources */ = {isa = PBXBuildFile; fileRef = B12964B6239039E500EAD6DB /* SecondViewController.swift */; };
/* End PBXBuildFile section */

/* Begin PBXFileReference section */
		043E3711243A445800491F79 /* AllUserOrdersViewController.swift */ = {isa = PBXFileReference; lastKnownFileType = sourcecode.swift; path = AllUserOrdersViewController.swift; sourceTree = "<group>"; };
		044D0E222410F4F900A075FC /* AddOrderViewController.swift */ = {isa = PBXFileReference; lastKnownFileType = sourcecode.swift; path = AddOrderViewController.swift; sourceTree = "<group>"; };
		044D0E442415658C00A075FC /* OrderDetailsViewController.swift */ = {isa = PBXFileReference; lastKnownFileType = sourcecode.swift; path = OrderDetailsViewController.swift; sourceTree = "<group>"; };
		045527FE2427991B002463CC /* ForgetPasswordViewController.swift */ = {isa = PBXFileReference; lastKnownFileType = sourcecode.swift; path = ForgetPasswordViewController.swift; sourceTree = "<group>"; };
		04601BFB240A8BAD00AAF494 /* LoginRegistationViewController.swift */ = {isa = PBXFileReference; lastKnownFileType = sourcecode.swift; path = LoginRegistationViewController.swift; sourceTree = "<group>"; };
		04601BFD240AAB2800AAF494 /* RegistrationViewController.swift */ = {isa = PBXFileReference; lastKnownFileType = sourcecode.swift; path = RegistrationViewController.swift; sourceTree = "<group>"; };
		046D2CC22415741C009D0C9A /* GoogleService-Info.plist */ = {isa = PBXFileReference; fileEncoding = 4; lastKnownFileType = text.plist.xml; path = "GoogleService-Info.plist"; sourceTree = "<group>"; };
		04E1B9AD23FBD797004EFD38 /* OrdersViewController.swift */ = {isa = PBXFileReference; lastKnownFileType = sourcecode.swift; path = OrdersViewController.swift; sourceTree = "<group>"; };
		04F65F8E243DCF9800C13B87 /* MyOrdersViewController.swift */ = {isa = PBXFileReference; lastKnownFileType = sourcecode.swift; path = MyOrdersViewController.swift; sourceTree = "<group>"; };
		16C3170980067623B028D664 /* Pods_ObmenkaCash.framework */ = {isa = PBXFileReference; explicitFileType = wrapper.framework; includeInIndex = 0; path = Pods_ObmenkaCash.framework; sourceTree = BUILT_PRODUCTS_DIR; };
		2939A07DD7511E6C64BDD6AE /* Pods-ObmenkaCash.debug.xcconfig */ = {isa = PBXFileReference; includeInIndex = 1; lastKnownFileType = text.xcconfig; name = "Pods-ObmenkaCash.debug.xcconfig"; path = "Target Support Files/Pods-ObmenkaCash/Pods-ObmenkaCash.debug.xcconfig"; sourceTree = "<group>"; };
		72538BBD4E57BF909EDAE114 /* Pods-ObmenkaCash.release.xcconfig */ = {isa = PBXFileReference; includeInIndex = 1; lastKnownFileType = text.xcconfig; name = "Pods-ObmenkaCash.release.xcconfig"; path = "Target Support Files/Pods-ObmenkaCash/Pods-ObmenkaCash.release.xcconfig"; sourceTree = "<group>"; };
		B108E1792389BF14008305F7 /* ObmenkaCash.app */ = {isa = PBXFileReference; explicitFileType = wrapper.application; includeInIndex = 0; path = ObmenkaCash.app; sourceTree = BUILT_PRODUCTS_DIR; };
		B108E17C2389BF14008305F7 /* AppDelegate.swift */ = {isa = PBXFileReference; lastKnownFileType = sourcecode.swift; path = AppDelegate.swift; sourceTree = "<group>"; };
		B108E17E2389BF14008305F7 /* ViewController.swift */ = {isa = PBXFileReference; lastKnownFileType = sourcecode.swift; path = ViewController.swift; sourceTree = "<group>"; };
		B108E1812389BF14008305F7 /* Base */ = {isa = PBXFileReference; lastKnownFileType = file.storyboard; name = Base; path = Base.lproj/Main.storyboard; sourceTree = "<group>"; };
		B108E1832389BF1C008305F7 /* Assets.xcassets */ = {isa = PBXFileReference; lastKnownFileType = folder.assetcatalog; path = Assets.xcassets; sourceTree = "<group>"; };
		B108E1862389BF1C008305F7 /* Base */ = {isa = PBXFileReference; lastKnownFileType = file.storyboard; name = Base; path = Base.lproj/LaunchScreen.storyboard; sourceTree = "<group>"; };
		B108E1882389BF1C008305F7 /* Info.plist */ = {isa = PBXFileReference; lastKnownFileType = text.plist.xml; path = Info.plist; sourceTree = "<group>"; };
		B12964B6239039E500EAD6DB /* SecondViewController.swift */ = {isa = PBXFileReference; lastKnownFileType = sourcecode.swift; path = SecondViewController.swift; sourceTree = "<group>"; };
/* End PBXFileReference section */

/* Begin PBXFrameworksBuildPhase section */
		B108E1762389BF14008305F7 /* Frameworks */ = {
			isa = PBXFrameworksBuildPhase;
			buildActionMask = 2147483647;
			files = (
				046F891324260F3E00DBE0B2 /* Pods_ObmenkaCash.framework in Frameworks */,
			);
			runOnlyForDeploymentPostprocessing = 0;
		};
/* End PBXFrameworksBuildPhase section */

/* Begin PBXGroup section */
		3B88AF81E840EF85ABCB2AFD /* Pods */ = {
			isa = PBXGroup;
			children = (
				2939A07DD7511E6C64BDD6AE /* Pods-ObmenkaCash.debug.xcconfig */,
				72538BBD4E57BF909EDAE114 /* Pods-ObmenkaCash.release.xcconfig */,
			);
			path = Pods;
			sourceTree = "<group>";
		};
		B108E1702389BF13008305F7 = {
			isa = PBXGroup;
			children = (
				B108E17B2389BF14008305F7 /* ObmenkaCash */,
				B108E17A2389BF14008305F7 /* Products */,
				3B88AF81E840EF85ABCB2AFD /* Pods */,
				C70F9B6FA23D1F0AB5ACEBBE /* Frameworks */,
			);
			sourceTree = "<group>";
		};
		B108E17A2389BF14008305F7 /* Products */ = {
			isa = PBXGroup;
			children = (
				B108E1792389BF14008305F7 /* ObmenkaCash.app */,
			);
			name = Products;
			sourceTree = "<group>";
		};
		B108E17B2389BF14008305F7 /* ObmenkaCash */ = {
			isa = PBXGroup;
			children = (
				B108E17C2389BF14008305F7 /* AppDelegate.swift */,
				B108E17E2389BF14008305F7 /* ViewController.swift */,
				B12964B6239039E500EAD6DB /* SecondViewController.swift */,
				04E1B9AD23FBD797004EFD38 /* OrdersViewController.swift */,
				04601BFB240A8BAD00AAF494 /* LoginRegistationViewController.swift */,
				04601BFD240AAB2800AAF494 /* RegistrationViewController.swift */,
				044D0E222410F4F900A075FC /* AddOrderViewController.swift */,
				044D0E442415658C00A075FC /* OrderDetailsViewController.swift */,
				043E3711243A445800491F79 /* AllUserOrdersViewController.swift */,
				045527FE2427991B002463CC /* ForgetPasswordViewController.swift */,
				04F65F8E243DCF9800C13B87 /* MyOrdersViewController.swift */,
				B108E1802389BF14008305F7 /* Main.storyboard */,
				B108E1882389BF1C008305F7 /* Info.plist */,
				046D2CC22415741C009D0C9A /* GoogleService-Info.plist */,
				B108E1832389BF1C008305F7 /* Assets.xcassets */,
				B108E1852389BF1C008305F7 /* LaunchScreen.storyboard */,
			);
			path = ObmenkaCash;
			sourceTree = "<group>";
		};
		C70F9B6FA23D1F0AB5ACEBBE /* Frameworks */ = {
			isa = PBXGroup;
			children = (
				16C3170980067623B028D664 /* Pods_ObmenkaCash.framework */,
			);
			name = Frameworks;
			sourceTree = "<group>";
		};
/* End PBXGroup section */

/* Begin PBXNativeTarget section */
		B108E1782389BF14008305F7 /* ObmenkaCash */ = {
			isa = PBXNativeTarget;
			buildConfigurationList = B108E18B2389BF1C008305F7 /* Build configuration list for PBXNativeTarget "ObmenkaCash" */;
			buildPhases = (
				20F8B7D616798784A5FED209 /* [CP] Check Pods Manifest.lock */,
				B108E1752389BF14008305F7 /* Sources */,
				B108E1762389BF14008305F7 /* Frameworks */,
				B108E1772389BF14008305F7 /* Resources */,
				1A6B4EF76546B85F16523BD5 /* [CP] Embed Pods Frameworks */,
			);
			buildRules = (
			);
			dependencies = (
			);
			name = ObmenkaCash;
			productName = ParsJSON;
			productReference = B108E1792389BF14008305F7 /* ObmenkaCash.app */;
			productType = "com.apple.product-type.application";
		};
/* End PBXNativeTarget section */

/* Begin PBXProject section */
		B108E1712389BF13008305F7 /* Project object */ = {
			isa = PBXProject;
			attributes = {
				LastSwiftUpdateCheck = 1030;
				LastUpgradeCheck = 1030;
				ORGANIZATIONNAME = "Elena Nazarova";
				TargetAttributes = {
					B108E1782389BF14008305F7 = {
						CreatedOnToolsVersion = 10.3;
					};
				};
			};
			buildConfigurationList = B108E1742389BF13008305F7 /* Build configuration list for PBXProject "ObmenkaCash" */;
			compatibilityVersion = "Xcode 9.3";
			developmentRegion = en;
			hasScannedForEncodings = 0;
			knownRegions = (
				en,
				Base,
			);
			mainGroup = B108E1702389BF13008305F7;
			productRefGroup = B108E17A2389BF14008305F7 /* Products */;
			projectDirPath = "";
			projectRoot = "";
			targets = (
				B108E1782389BF14008305F7 /* ObmenkaCash */,
			);
		};
/* End PBXProject section */

/* Begin PBXResourcesBuildPhase section */
		B108E1772389BF14008305F7 /* Resources */ = {
			isa = PBXResourcesBuildPhase;
			buildActionMask = 2147483647;
			files = (
				B108E1872389BF1C008305F7 /* LaunchScreen.storyboard in Resources */,
				B108E1842389BF1C008305F7 /* Assets.xcassets in Resources */,
				046D2CC32415741C009D0C9A /* GoogleService-Info.plist in Resources */,
				B108E1822389BF14008305F7 /* Main.storyboard in Resources */,
			);
			runOnlyForDeploymentPostprocessing = 0;
		};
/* End PBXResourcesBuildPhase section */

/* Begin PBXShellScriptBuildPhase section */
		1A6B4EF76546B85F16523BD5 /* [CP] Embed Pods Frameworks */ = {
			isa = PBXShellScriptBuildPhase;
			buildActionMask = 2147483647;
			files = (
			);
			inputFileListPaths = (
				"${PODS_ROOT}/Target Support Files/Pods-ObmenkaCash/Pods-ObmenkaCash-frameworks-${CONFIGURATION}-input-files.xcfilelist",
			);
			name = "[CP] Embed Pods Frameworks";
			outputFileListPaths = (
				"${PODS_ROOT}/Target Support Files/Pods-ObmenkaCash/Pods-ObmenkaCash-frameworks-${CONFIGURATION}-output-files.xcfilelist",
			);
			runOnlyForDeploymentPostprocessing = 0;
			shellPath = /bin/sh;
			shellScript = "\"${PODS_ROOT}/Target Support Files/Pods-ObmenkaCash/Pods-ObmenkaCash-frameworks.sh\"\n";
			showEnvVarsInLog = 0;
		};
		20F8B7D616798784A5FED209 /* [CP] Check Pods Manifest.lock */ = {
			isa = PBXShellScriptBuildPhase;
			buildActionMask = 2147483647;
			files = (
			);
			inputFileListPaths = (
			);
			inputPaths = (
				"${PODS_PODFILE_DIR_PATH}/Podfile.lock",
				"${PODS_ROOT}/Manifest.lock",
			);
			name = "[CP] Check Pods Manifest.lock";
			outputFileListPaths = (
			);
			outputPaths = (
				"$(DERIVED_FILE_DIR)/Pods-ObmenkaCash-checkManifestLockResult.txt",
			);
			runOnlyForDeploymentPostprocessing = 0;
			shellPath = /bin/sh;
			shellScript = "diff \"${PODS_PODFILE_DIR_PATH}/Podfile.lock\" \"${PODS_ROOT}/Manifest.lock\" > /dev/null\nif [ $? != 0 ] ; then\n    # print error to STDERR\n    echo \"error: The sandbox is not in sync with the Podfile.lock. Run 'pod install' or update your CocoaPods installation.\" >&2\n    exit 1\nfi\n# This output is used by Xcode 'outputs' to avoid re-running this script phase.\necho \"SUCCESS\" > \"${SCRIPT_OUTPUT_FILE_0}\"\n";
			showEnvVarsInLog = 0;
		};
/* End PBXShellScriptBuildPhase section */

/* Begin PBXSourcesBuildPhase section */
		B108E1752389BF14008305F7 /* Sources */ = {
			isa = PBXSourcesBuildPhase;
			buildActionMask = 2147483647;
			files = (
				044D0E452415658C00A075FC /* OrderDetailsViewController.swift in Sources */,
				04F65F8F243DCF9800C13B87 /* MyOrdersViewController.swift in Sources */,
				04601BFE240AAB2800AAF494 /* RegistrationViewController.swift in Sources */,
				B12964B7239039E500EAD6DB /* SecondViewController.swift in Sources */,
				044D0E232410F4F900A075FC /* AddOrderViewController.swift in Sources */,
				045527FF2427991B002463CC /* ForgetPasswordViewController.swift in Sources */,
				04601BFC240A8BAD00AAF494 /* LoginRegistationViewController.swift in Sources */,
				B108E17F2389BF14008305F7 /* ViewController.swift in Sources */,
				B108E17D2389BF14008305F7 /* AppDelegate.swift in Sources */,
				043E3712243A445800491F79 /* AllUserOrdersViewController.swift in Sources */,
				04E1B9AE23FBD797004EFD38 /* OrdersViewController.swift in Sources */,
			);
			runOnlyForDeploymentPostprocessing = 0;
		};
/* End PBXSourcesBuildPhase section */

/* Begin PBXVariantGroup section */
		B108E1802389BF14008305F7 /* Main.storyboard */ = {
			isa = PBXVariantGroup;
			children = (
				B108E1812389BF14008305F7 /* Base */,
			);
			name = Main.storyboard;
			sourceTree = "<group>";
		};
		B108E1852389BF1C008305F7 /* LaunchScreen.storyboard */ = {
			isa = PBXVariantGroup;
			children = (
				B108E1862389BF1C008305F7 /* Base */,
			);
			name = LaunchScreen.storyboard;
			sourceTree = "<group>";
		};
/* End PBXVariantGroup section */

/* Begin XCBuildConfiguration section */
		B108E1892389BF1C008305F7 /* Debug */ = {
			isa = XCBuildConfiguration;
			buildSettings = {
				ALWAYS_SEARCH_USER_PATHS = NO;
				CLANG_ANALYZER_NONNULL = YES;
				CLANG_ANALYZER_NUMBER_OBJECT_CONVERSION = YES_AGGRESSIVE;
				CLANG_CXX_LANGUAGE_STANDARD = "gnu++14";
				CLANG_CXX_LIBRARY = "libc++";
				CLANG_ENABLE_MODULES = YES;
				CLANG_ENABLE_OBJC_ARC = YES;
				CLANG_ENABLE_OBJC_WEAK = YES;
				CLANG_WARN_BLOCK_CAPTURE_AUTORELEASING = YES;
				CLANG_WARN_BOOL_CONVERSION = YES;
				CLANG_WARN_COMMA = YES;
				CLANG_WARN_CONSTANT_CONVERSION = YES;
				CLANG_WARN_DEPRECATED_OBJC_IMPLEMENTATIONS = YES;
				CLANG_WARN_DIRECT_OBJC_ISA_USAGE = YES_ERROR;
				CLANG_WARN_DOCUMENTATION_COMMENTS = YES;
				CLANG_WARN_EMPTY_BODY = YES;
				CLANG_WARN_ENUM_CONVERSION = YES;
				CLANG_WARN_INFINITE_RECURSION = YES;
				CLANG_WARN_INT_CONVERSION = YES;
				CLANG_WARN_NON_LITERAL_NULL_CONVERSION = YES;
				CLANG_WARN_OBJC_IMPLICIT_RETAIN_SELF = YES;
				CLANG_WARN_OBJC_LITERAL_CONVERSION = YES;
				CLANG_WARN_OBJC_ROOT_CLASS = YES_ERROR;
				CLANG_WARN_RANGE_LOOP_ANALYSIS = YES;
				CLANG_WARN_STRICT_PROTOTYPES = YES;
				CLANG_WARN_SUSPICIOUS_MOVE = YES;
				CLANG_WARN_UNGUARDED_AVAILABILITY = YES_AGGRESSIVE;
				CLANG_WARN_UNREACHABLE_CODE = YES;
				CLANG_WARN__DUPLICATE_METHOD_MATCH = YES;
				CODE_SIGN_IDENTITY = "iPhone Developer";
				COPY_PHASE_STRIP = NO;
				DEBUG_INFORMATION_FORMAT = dwarf;
				ENABLE_STRICT_OBJC_MSGSEND = YES;
				ENABLE_TESTABILITY = YES;
				GCC_C_LANGUAGE_STANDARD = gnu11;
				GCC_DYNAMIC_NO_PIC = NO;
				GCC_NO_COMMON_BLOCKS = YES;
				GCC_OPTIMIZATION_LEVEL = 0;
				GCC_PREPROCESSOR_DEFINITIONS = (
					"DEBUG=1",
					"$(inherited)",
				);
				GCC_WARN_64_TO_32_BIT_CONVERSION = YES;
				GCC_WARN_ABOUT_RETURN_TYPE = YES_ERROR;
				GCC_WARN_UNDECLARED_SELECTOR = YES;
				GCC_WARN_UNINITIALIZED_AUTOS = YES_AGGRESSIVE;
				GCC_WARN_UNUSED_FUNCTION = YES;
				GCC_WARN_UNUSED_VARIABLE = YES;
				IPHONEOS_DEPLOYMENT_TARGET = 12.4;
				MTL_ENABLE_DEBUG_INFO = INCLUDE_SOURCE;
				MTL_FAST_MATH = YES;
				ONLY_ACTIVE_ARCH = YES;
				SDKROOT = iphoneos;
				SWIFT_ACTIVE_COMPILATION_CONDITIONS = DEBUG;
				SWIFT_OPTIMIZATION_LEVEL = "-Onone";
			};
			name = Debug;
		};
		B108E18A2389BF1C008305F7 /* Release */ = {
			isa = XCBuildConfiguration;
			buildSettings = {
				ALWAYS_SEARCH_USER_PATHS = NO;
				CLANG_ANALYZER_NONNULL = YES;
				CLANG_ANALYZER_NUMBER_OBJECT_CONVERSION = YES_AGGRESSIVE;
				CLANG_CXX_LANGUAGE_STANDARD = "gnu++14";
				CLANG_CXX_LIBRARY = "libc++";
				CLANG_ENABLE_MODULES = YES;
				CLANG_ENABLE_OBJC_ARC = YES;
				CLANG_ENABLE_OBJC_WEAK = YES;
				CLANG_WARN_BLOCK_CAPTURE_AUTORELEASING = YES;
				CLANG_WARN_BOOL_CONVERSION = YES;
				CLANG_WARN_COMMA = YES;
				CLANG_WARN_CONSTANT_CONVERSION = YES;
				CLANG_WARN_DEPRECATED_OBJC_IMPLEMENTATIONS = YES;
				CLANG_WARN_DIRECT_OBJC_ISA_USAGE = YES_ERROR;
				CLANG_WARN_DOCUMENTATION_COMMENTS = YES;
				CLANG_WARN_EMPTY_BODY = YES;
				CLANG_WARN_ENUM_CONVERSION = YES;
				CLANG_WARN_INFINITE_RECURSION = YES;
				CLANG_WARN_INT_CONVERSION = YES;
				CLANG_WARN_NON_LITERAL_NULL_CONVERSION = YES;
				CLANG_WARN_OBJC_IMPLICIT_RETAIN_SELF = YES;
				CLANG_WARN_OBJC_LITERAL_CONVERSION = YES;
				CLANG_WARN_OBJC_ROOT_CLASS = YES_ERROR;
				CLANG_WARN_RANGE_LOOP_ANALYSIS = YES;
				CLANG_WARN_STRICT_PROTOTYPES = YES;
				CLANG_WARN_SUSPICIOUS_MOVE = YES;
				CLANG_WARN_UNGUARDED_AVAILABILITY = YES_AGGRESSIVE;
				CLANG_WARN_UNREACHABLE_CODE = YES;
				CLANG_WARN__DUPLICATE_METHOD_MATCH = YES;
				CODE_SIGN_IDENTITY = "iPhone Developer";
				COPY_PHASE_STRIP = NO;
				DEBUG_INFORMATION_FORMAT = "dwarf-with-dsym";
				ENABLE_NS_ASSERTIONS = NO;
				ENABLE_STRICT_OBJC_MSGSEND = YES;
				GCC_C_LANGUAGE_STANDARD = gnu11;
				GCC_NO_COMMON_BLOCKS = YES;
				GCC_WARN_64_TO_32_BIT_CONVERSION = YES;
				GCC_WARN_ABOUT_RETURN_TYPE = YES_ERROR;
				GCC_WARN_UNDECLARED_SELECTOR = YES;
				GCC_WARN_UNINITIALIZED_AUTOS = YES_AGGRESSIVE;
				GCC_WARN_UNUSED_FUNCTION = YES;
				GCC_WARN_UNUSED_VARIABLE = YES;
				IPHONEOS_DEPLOYMENT_TARGET = 12.4;
				MTL_ENABLE_DEBUG_INFO = NO;
				MTL_FAST_MATH = YES;
				SDKROOT = iphoneos;
				SWIFT_COMPILATION_MODE = wholemodule;
				SWIFT_OPTIMIZATION_LEVEL = "-O";
				VALIDATE_PRODUCT = YES;
			};
			name = Release;
		};
		B108E18C2389BF1C008305F7 /* Debug */ = {
			isa = XCBuildConfiguration;
			baseConfigurationReference = 2939A07DD7511E6C64BDD6AE /* Pods-ObmenkaCash.debug.xcconfig */;
			buildSettings = {
				ASSETCATALOG_COMPILER_APPICON_NAME = AppIcon;
				CODE_SIGN_STYLE = Automatic;
				DEVELOPMENT_TEAM = X24JXQT969;
				INFOPLIST_FILE = ObmenkaCash/Info.plist;
				IPHONEOS_DEPLOYMENT_TARGET = 12.4;
				LD_RUNPATH_SEARCH_PATHS = (
					"$(inherited)",
					"@executable_path/Frameworks",
				);
				PRODUCT_BUNDLE_IDENTIFIER = First.ObmenkaCash;
				PRODUCT_NAME = "$(TARGET_NAME)";
				SWIFT_VERSION = 5.0;
				TARGETED_DEVICE_FAMILY = "1,2";
			};
			name = Debug;
		};
		B108E18D2389BF1C008305F7 /* Release */ = {
			isa = XCBuildConfiguration;
			baseConfigurationReference = 72538BBD4E57BF909EDAE114 /* Pods-ObmenkaCash.release.xcconfig */;
			buildSettings = {
				ASSETCATALOG_COMPILER_APPICON_NAME = AppIcon;
				CODE_SIGN_STYLE = Automatic;
				DEVELOPMENT_TEAM = X24JXQT969;
				INFOPLIST_FILE = ObmenkaCash/Info.plist;
				IPHONEOS_DEPLOYMENT_TARGET = 12.4;
				LD_RUNPATH_SEARCH_PATHS = (
					"$(inherited)",
					"@executable_path/Frameworks",
				);
				PRODUCT_BUNDLE_IDENTIFIER = First.ObmenkaCash;
				PRODUCT_NAME = "$(TARGET_NAME)";
				SWIFT_VERSION = 5.0;
				TARGETED_DEVICE_FAMILY = "1,2";
			};
			name = Release;
		};
/* End XCBuildConfiguration section */

/* Begin XCConfigurationList section */
		B108E1742389BF13008305F7 /* Build configuration list for PBXProject "ObmenkaCash" */ = {
			isa = XCConfigurationList;
			buildConfigurations = (
				B108E1892389BF1C008305F7 /* Debug */,
				B108E18A2389BF1C008305F7 /* Release */,
			);
			defaultConfigurationIsVisible = 0;
			defaultConfigurationName = Release;
		};
		B108E18B2389BF1C008305F7 /* Build configuration list for PBXNativeTarget "ObmenkaCash" */ = {
			isa = XCConfigurationList;
			buildConfigurations = (
				B108E18C2389BF1C008305F7 /* Debug */,
				B108E18D2389BF1C008305F7 /* Release */,
			);
			defaultConfigurationIsVisible = 0;
			defaultConfigurationName = Release;
		};
/* End XCConfigurationList section */
	};
	rootObject = B108E1712389BF13008305F7 /* Project object */;
}
